
Microsoft Visual Studio Solution File, Format Version 12.00
# Visual Studio Version 17
VisualStudioVersion = 17.10.34916.146
MinimumVisualStudioVersion = 10.0.40219.1
Project("{FAE04EC0-301F-11D3-BF4B-00C04F79EFBC}") = "EFCore.Middle.MinimalAPI", "EFCore.Middle.MinimalAPI.csproj", "{FCBBF2F4-677B-4FB7-999D-DBDABFD1CC52}"
EndProject
Global
	GlobalSection(SolutionConfigurationPlatforms) = preSolution
		Debug|Any CPU = Debug|Any CPU
		Release|Any CPU = Release|Any CPU
	EndGlobalSection
	GlobalSection(ProjectConfigurationPlatforms) = postSolution
		{FCBBF2F4-677B-4FB7-999D-DBDABFD1CC52}.Debug|Any CPU.ActiveCfg = Debug|Any CPU
		{FCBBF2F4-677B-4FB7-999D-DBDABFD1CC52}.Debug|Any CPU.Build.0 = Debug|Any CPU
		{FCBBF2F4-677B-4FB7-999D-DBDABFD1CC52}.Release|Any CPU.ActiveCfg = Release|Any CPU
		{FCBBF2F4-677B-4FB7-999D-DBDABFD1CC52}.Release|Any CPU.Build.0 = Release|Any CPU
	EndGlobalSection
	GlobalSection(SolutionProperties) = preSolution
		HideSolutionNode = FALSE
	EndGlobalSection
	GlobalSection(ExtensibilityGlobals) = postSolution
		SolutionGuid = {E81E5ED4-191D-435A-BBCD-888DF035ACE7}
	EndGlobalSection
EndGlobal
