
Microsoft Visual Studio Solution File, Format Version 12.00
# Visual Studio Version 17
VisualStudioVersion = 17.9.34728.123
MinimumVisualStudioVersion = 10.0.40219.1
Project("{FAE04EC0-301F-11D3-BF4B-00C04F79EFBC}") = "Versioning.WebAPI", "Versioning.WebAPI.csproj", "{052065CB-4D7F-4948-A9B4-6893141A3985}"
EndProject
Global
	GlobalSection(SolutionConfigurationPlatforms) = preSolution
		Debug|Any CPU = Debug|Any CPU
		Release|Any CPU = Release|Any CPU
	EndGlobalSection
	GlobalSection(ProjectConfigurationPlatforms) = postSolution
		{052065CB-4D7F-4948-A9B4-6893141A3985}.Debug|Any CPU.ActiveCfg = Debug|Any CPU
		{052065CB-4D7F-4948-A9B4-6893141A3985}.Debug|Any CPU.Build.0 = Debug|Any CPU
		{052065CB-4D7F-4948-A9B4-6893141A3985}.Release|Any CPU.ActiveCfg = Release|Any CPU
		{052065CB-4D7F-4948-A9B4-6893141A3985}.Release|Any CPU.Build.0 = Release|Any CPU
	EndGlobalSection
	GlobalSection(SolutionProperties) = preSolution
		HideSolutionNode = FALSE
	EndGlobalSection
	GlobalSection(ExtensibilityGlobals) = postSolution
		SolutionGuid = {36B1EEBC-5B2A-421D-BCC5-09064172EAF7}
	EndGlobalSection
EndGlobal
