
Microsoft Visual Studio Solution File, Format Version 12.00
# Visual Studio Version 17
VisualStudioVersion = 17.9.34728.123
MinimumVisualStudioVersion = 10.0.40219.1
Project("{FAE04EC0-301F-11D3-BF4B-00C04F79EFBC}") = "eCommerceHomeWork", "eCommerceHomeWork.csproj", "{7B9152D4-857F-4A9F-BCA0-E1E49F58430A}"
EndProject
Global
	GlobalSection(SolutionConfigurationPlatforms) = preSolution
		Debug|Any CPU = Debug|Any CPU
		Release|Any CPU = Release|Any CPU
	EndGlobalSection
	GlobalSection(ProjectConfigurationPlatforms) = postSolution
		{7B9152D4-857F-4A9F-BCA0-E1E49F58430A}.Debug|Any CPU.ActiveCfg = Debug|Any CPU
		{7B9152D4-857F-4A9F-BCA0-E1E49F58430A}.Debug|Any CPU.Build.0 = Debug|Any CPU
		{7B9152D4-857F-4A9F-BCA0-E1E49F58430A}.Release|Any CPU.ActiveCfg = Release|Any CPU
		{7B9152D4-857F-4A9F-BCA0-E1E49F58430A}.Release|Any CPU.Build.0 = Release|Any CPU
	EndGlobalSection
	GlobalSection(SolutionProperties) = preSolution
		HideSolutionNode = FALSE
	EndGlobalSection
	GlobalSection(ExtensibilityGlobals) = postSolution
		SolutionGuid = {4EDB6A9B-E05F-4713-9CD3-CB9A9205BCB6}
	EndGlobalSection
EndGlobal
