
Microsoft Visual Studio Solution File, Format Version 12.00
# Visual Studio Version 17
VisualStudioVersion = 17.9.34728.123
MinimumVisualStudioVersion = 10.0.40219.1
Project("{FAE04EC0-301F-11D3-BF4B-00C04F79EFBC}") = "Middleware.WebAPI", "Middleware.WebAPI\Middleware.WebAPI.csproj", "{A6AF1F9C-2A1B-467E-9AFE-370EC5664F34}"
EndProject
Global
	GlobalSection(SolutionConfigurationPlatforms) = preSolution
		Debug|Any CPU = Debug|Any CPU
		Release|Any CPU = Release|Any CPU
	EndGlobalSection
	GlobalSection(ProjectConfigurationPlatforms) = postSolution
		{A6AF1F9C-2A1B-467E-9AFE-370EC5664F34}.Debug|Any CPU.ActiveCfg = Debug|Any CPU
		{A6AF1F9C-2A1B-467E-9AFE-370EC5664F34}.Debug|Any CPU.Build.0 = Debug|Any CPU
		{A6AF1F9C-2A1B-467E-9AFE-370EC5664F34}.Release|Any CPU.ActiveCfg = Release|Any CPU
		{A6AF1F9C-2A1B-467E-9AFE-370EC5664F34}.Release|Any CPU.Build.0 = Release|Any CPU
	EndGlobalSection
	GlobalSection(SolutionProperties) = preSolution
		HideSolutionNode = FALSE
	EndGlobalSection
	GlobalSection(ExtensibilityGlobals) = postSolution
		SolutionGuid = {8DFFE972-8189-4FD8-8094-9FACC0EE9599}
	EndGlobalSection
EndGlobal
